
Microsoft Visual Studio Solution File, Format Version 12.00
# Visual Studio 15
VisualStudioVersion = 15.0.27130.2020
MinimumVisualStudioVersion = 10.0.40219.1
Project("{FAE04EC0-301F-11D3-BF4B-00C04F79EFBC}") = "Netwise.XrmToolBox.RolesHelper", "Netwise.XrmToolBox.RolesHelper\Netwise.XrmToolBox.RolesHelper.csproj", "{271CB2DE-CF08-4A2A-AE67-7E7E140846F3}"
EndProject
Project("{FAE04EC0-301F-11D3-BF4B-00C04F79EFBC}") = "WB_Permissions", "WB_Permissions\WB_Permissions.csproj", "{0A7EB8D2-C97F-4521-A391-2BDFA5FBC6DA}"
EndProject
Global
	GlobalSection(SolutionConfigurationPlatforms) = preSolution
		Debug|Any CPU = Debug|Any CPU
		Release|Any CPU = Release|Any CPU
	EndGlobalSection
	GlobalSection(ProjectConfigurationPlatforms) = postSolution
		{271CB2DE-CF08-4A2A-AE67-7E7E140846F3}.Debug|Any CPU.ActiveCfg = Debug|Any CPU
		{271CB2DE-CF08-4A2A-AE67-7E7E140846F3}.Debug|Any CPU.Build.0 = Debug|Any CPU
		{271CB2DE-CF08-4A2A-AE67-7E7E140846F3}.Release|Any CPU.ActiveCfg = Release|Any CPU
		{271CB2DE-CF08-4A2A-AE67-7E7E140846F3}.Release|Any CPU.Build.0 = Release|Any CPU
		{0A7EB8D2-C97F-4521-A391-2BDFA5FBC6DA}.Debug|Any CPU.ActiveCfg = Debug|Any CPU
		{0A7EB8D2-C97F-4521-A391-2BDFA5FBC6DA}.Debug|Any CPU.Build.0 = Debug|Any CPU
		{0A7EB8D2-C97F-4521-A391-2BDFA5FBC6DA}.Release|Any CPU.ActiveCfg = Release|Any CPU
		{0A7EB8D2-C97F-4521-A391-2BDFA5FBC6DA}.Release|Any CPU.Build.0 = Release|Any CPU
	EndGlobalSection
	GlobalSection(SolutionProperties) = preSolution
		HideSolutionNode = FALSE
	EndGlobalSection
	GlobalSection(ExtensibilityGlobals) = postSolution
		SolutionGuid = {79D2DFEA-FC7F-4126-A416-4C8E1680A9E2}
	EndGlobalSection
EndGlobal
